
Microsoft Visual Studio Solution File, Format Version 12.00
# Visual Studio 2012
Project("{FAE04EC0-301F-11D3-BF4B-00C04F79EFBC}") = "SPTeam.Droid", "Droid\SPTeam.Droid.csproj", "{91F20C38-A4D6-4767-ACD1-86B6C766AF0A}"
EndProject
Project("{FAE04EC0-301F-11D3-BF4B-00C04F79EFBC}") = "SPTeam.iOS", "iOS\SPTeam.iOS.csproj", "{8B434B84-0A11-4E5F-893D-916487737133}"
EndProject
Project("{FAE04EC0-301F-11D3-BF4B-00C04F79EFBC}") = "SPTeam", "SPTeam\SPTeam.csproj", "{17274A28-303F-4E07-AB65-AAB2D3380DAC}"
EndProject
Global
	GlobalSection(SolutionConfigurationPlatforms) = preSolution
		Debug|Any CPU = Debug|Any CPU
		Release|Any CPU = Release|Any CPU
		Debug|iPhoneSimulator = Debug|iPhoneSimulator
		Release|iPhone = Release|iPhone
		Release|iPhoneSimulator = Release|iPhoneSimulator
		Debug|iPhone = Debug|iPhone
	EndGlobalSection
	GlobalSection(ProjectConfigurationPlatforms) = postSolution
		{91F20C38-A4D6-4767-ACD1-86B6C766AF0A}.Debug|Any CPU.ActiveCfg = Debug|Any CPU
		{91F20C38-A4D6-4767-ACD1-86B6C766AF0A}.Debug|Any CPU.Build.0 = Debug|Any CPU
		{91F20C38-A4D6-4767-ACD1-86B6C766AF0A}.Release|Any CPU.ActiveCfg = Release|Any CPU
		{91F20C38-A4D6-4767-ACD1-86B6C766AF0A}.Release|Any CPU.Build.0 = Release|Any CPU
		{91F20C38-A4D6-4767-ACD1-86B6C766AF0A}.Debug|iPhoneSimulator.ActiveCfg = Debug|Any CPU
		{91F20C38-A4D6-4767-ACD1-86B6C766AF0A}.Debug|iPhoneSimulator.Build.0 = Debug|Any CPU
		{91F20C38-A4D6-4767-ACD1-86B6C766AF0A}.Release|iPhone.ActiveCfg = Release|Any CPU
		{91F20C38-A4D6-4767-ACD1-86B6C766AF0A}.Release|iPhone.Build.0 = Release|Any CPU
		{91F20C38-A4D6-4767-ACD1-86B6C766AF0A}.Release|iPhoneSimulator.ActiveCfg = Release|Any CPU
		{91F20C38-A4D6-4767-ACD1-86B6C766AF0A}.Release|iPhoneSimulator.Build.0 = Release|Any CPU
		{91F20C38-A4D6-4767-ACD1-86B6C766AF0A}.Debug|iPhone.ActiveCfg = Debug|Any CPU
		{91F20C38-A4D6-4767-ACD1-86B6C766AF0A}.Debug|iPhone.Build.0 = Debug|Any CPU
		{8B434B84-0A11-4E5F-893D-916487737133}.Debug|Any CPU.ActiveCfg = Debug|iPhoneSimulator
		{8B434B84-0A11-4E5F-893D-916487737133}.Debug|Any CPU.Build.0 = Debug|iPhoneSimulator
		{8B434B84-0A11-4E5F-893D-916487737133}.Release|Any CPU.ActiveCfg = Release|iPhone
		{8B434B84-0A11-4E5F-893D-916487737133}.Release|Any CPU.Build.0 = Release|iPhone
		{8B434B84-0A11-4E5F-893D-916487737133}.Debug|iPhoneSimulator.ActiveCfg = Debug|iPhoneSimulator
		{8B434B84-0A11-4E5F-893D-916487737133}.Debug|iPhoneSimulator.Build.0 = Debug|iPhoneSimulator
		{8B434B84-0A11-4E5F-893D-916487737133}.Release|iPhone.ActiveCfg = Release|iPhone
		{8B434B84-0A11-4E5F-893D-916487737133}.Release|iPhone.Build.0 = Release|iPhone
		{8B434B84-0A11-4E5F-893D-916487737133}.Release|iPhoneSimulator.ActiveCfg = Release|iPhoneSimulator
		{8B434B84-0A11-4E5F-893D-916487737133}.Release|iPhoneSimulator.Build.0 = Release|iPhoneSimulator
		{8B434B84-0A11-4E5F-893D-916487737133}.Debug|iPhone.ActiveCfg = Debug|iPhone
		{8B434B84-0A11-4E5F-893D-916487737133}.Debug|iPhone.Build.0 = Debug|iPhone
		{17274A28-303F-4E07-AB65-AAB2D3380DAC}.Debug|Any CPU.ActiveCfg = Debug|Any CPU
		{17274A28-303F-4E07-AB65-AAB2D3380DAC}.Debug|Any CPU.Build.0 = Debug|Any CPU
		{17274A28-303F-4E07-AB65-AAB2D3380DAC}.Release|Any CPU.ActiveCfg = Release|Any CPU
		{17274A28-303F-4E07-AB65-AAB2D3380DAC}.Release|Any CPU.Build.0 = Release|Any CPU
		{17274A28-303F-4E07-AB65-AAB2D3380DAC}.Debug|iPhoneSimulator.ActiveCfg = Debug|Any CPU
		{17274A28-303F-4E07-AB65-AAB2D3380DAC}.Debug|iPhoneSimulator.Build.0 = Debug|Any CPU
		{17274A28-303F-4E07-AB65-AAB2D3380DAC}.Release|iPhone.ActiveCfg = Release|Any CPU
		{17274A28-303F-4E07-AB65-AAB2D3380DAC}.Release|iPhone.Build.0 = Release|Any CPU
		{17274A28-303F-4E07-AB65-AAB2D3380DAC}.Release|iPhoneSimulator.ActiveCfg = Release|Any CPU
		{17274A28-303F-4E07-AB65-AAB2D3380DAC}.Release|iPhoneSimulator.Build.0 = Release|Any CPU
		{17274A28-303F-4E07-AB65-AAB2D3380DAC}.Debug|iPhone.ActiveCfg = Debug|Any CPU
		{17274A28-303F-4E07-AB65-AAB2D3380DAC}.Debug|iPhone.Build.0 = Debug|Any CPU
	EndGlobalSection
EndGlobal
